
Microsoft Visual Studio Solution File, Format Version 12.00
# Visual Studio 15
VisualStudioVersion = 15.0.27004.2002
MinimumVisualStudioVersion = 10.0.40219.1
Project("{FAE04EC0-301F-11D3-BF4B-00C04F79EFBC}") = "VircaVideoCore", "VircaVideoCore\VircaVideoCore.csproj", "{0F379178-89DD-40B8-8F42-C2941DBDCF53}"
EndProject
Global
	GlobalSection(SolutionConfigurationPlatforms) = preSolution
		Debug|Any CPU = Debug|Any CPU
		Release|Any CPU = Release|Any CPU
	EndGlobalSection
	GlobalSection(ProjectConfigurationPlatforms) = postSolution
		{0F379178-89DD-40B8-8F42-C2941DBDCF53}.Debug|Any CPU.ActiveCfg = Debug|Any CPU
		{0F379178-89DD-40B8-8F42-C2941DBDCF53}.Debug|Any CPU.Build.0 = Debug|Any CPU
		{0F379178-89DD-40B8-8F42-C2941DBDCF53}.Release|Any CPU.ActiveCfg = Release|Any CPU
		{0F379178-89DD-40B8-8F42-C2941DBDCF53}.Release|Any CPU.Build.0 = Release|Any CPU
	EndGlobalSection
	GlobalSection(SolutionProperties) = preSolution
		HideSolutionNode = FALSE
	EndGlobalSection
	GlobalSection(ExtensibilityGlobals) = postSolution
		SolutionGuid = {FD1043DF-5F1F-4A85-AA94-358BF202444D}
	EndGlobalSection
EndGlobal
